{
  "name": "@indigoprotocol/cardano-ai",
  "version": "0.0.0",
  "lockfileVersion": 3,
  "requires": true,
  "packages": {
    "": {
      "name": "@indigoprotocol/cardano-ai",
      "version": "0.0.0",
      "license": "MIT",
      "workspaces": [
        "packages/plugins/*",
        "packages/cardano-skills"
      ]
    },
    "node_modules/@indigoprotocol/cardano-skills": {
      "resolved": "packages/cardano-skills",
      "link": true
    },
    "node_modules/@indigoprotocol/cardano-wallet": {
      "resolved": "packages/plugins/cardano-wallet",
      "link": true
    },
    "packages/cardano-skills": {
      "name": "@indigoprotocol/cardano-skills",
      "version": "0.1.1",
      "license": "MIT",
      "bin": {
        "cardano-skills": "bin/cardano-skills.mjs"
      }
    },
    "packages/plugins/cardano-wallet": {
      "name": "@indigoprotocol/cardano-wallet",
      "version": "0.1.0",
      "license": "MIT"
    }
  }
}
